
Microsoft Visual Studio Solution File, Format Version 12.00
# Visual Studio 2013
VisualStudioVersion = 12.0.21005.1
MinimumVisualStudioVersion = 10.0.40219.1
Project("{FAE04EC0-301F-11D3-BF4B-00C04F79EFBC}") = "NetExpress", "NetExpress\NetExpress.csproj", "{DE96FF1D-2F1C-49D0-8FD7-636F4BD5AEDC}"
EndProject
Global
	GlobalSection(SolutionConfigurationPlatforms) = preSolution
		Debug|Any CPU = Debug|Any CPU
		Release|Any CPU = Release|Any CPU
	EndGlobalSection
	GlobalSection(ProjectConfigurationPlatforms) = postSolution
		{DE96FF1D-2F1C-49D0-8FD7-636F4BD5AEDC}.Debug|Any CPU.ActiveCfg = Debug|Any CPU
		{DE96FF1D-2F1C-49D0-8FD7-636F4BD5AEDC}.Debug|Any CPU.Build.0 = Debug|Any CPU
		{DE96FF1D-2F1C-49D0-8FD7-636F4BD5AEDC}.Release|Any CPU.ActiveCfg = Release|Any CPU
		{DE96FF1D-2F1C-49D0-8FD7-636F4BD5AEDC}.Release|Any CPU.Build.0 = Release|Any CPU
	EndGlobalSection
	GlobalSection(SolutionProperties) = preSolution
		HideSolutionNode = FALSE
	EndGlobalSection
EndGlobal
